PODS:
  - Capacitor (6.1.2):
    - CapacitorCordova
  - CapacitorCamera (6.0.2):
    - Capacitor
  - CapacitorCordova (6.1.2)
  - CapacitorNetwork (6.0.2):
    - Capacitor
  - CapacitorSplashScreen (6.0.2):
    - Capacitor

DEPENDENCIES:
  - "Capacitor (from `../../node_modules/@capacitor/ios`)"
  - "CapacitorCamera (from `../../node_modules/@capacitor/camera`)"
  - "CapacitorCordova (from `../../node_modules/@capacitor/ios`)"
  - "CapacitorNetwork (from `../../node_modules/@capacitor/network`)"
  - "CapacitorSplashScreen (from `../../node_modules/@capacitor/splash-screen`)"

EXTERNAL SOURCES:
  Capacitor:
    :path: "../../node_modules/@capacitor/ios"
  CapacitorCamera:
    :path: "../../node_modules/@capacitor/camera"
  CapacitorCordova:
    :path: "../../node_modules/@capacitor/ios"
  CapacitorNetwork:
    :path: "../../node_modules/@capacitor/network"
  CapacitorSplashScreen:
    :path: "../../node_modules/@capacitor/splash-screen"

SPEC CHECKSUMS:
  Capacitor: 679f9673fdf30597493a6362a5d5bf233d46abc2
  CapacitorCamera: ed022171dbf3853e68eec877b4d78995378af6b7
  CapacitorCordova: f48c89f96c319101cd2f0ce8a2b7449b5fb8b3dd
  CapacitorNetwork: 8796cf1f1104a00b289957b6150b7c60e1c2a8d3
  CapacitorSplashScreen: 250df9ef8014fac5c7c1fd231f0f8b1d8f0b5624

PODFILE CHECKSUM: 6d02cb795533a20d164767e97b40ff0516e90298

COCOAPODS: 1.15.2
